{
  "name": "@radixxko/juhystav",
  "version": "0.1.209",
  "lockfileVersion": 3,
  "requires": true,
  "packages": {
    "": {
      "name": "@radixxko/juhystav",
      "version": "0.1.209",
      "license": "ISC",
      "dependencies": {
        "@liqd-js/endpoint": "^0.1.5",
        "@liqd-js/template": "^0.9.11",
        "dotenv": "^16.5.0"
      },
      "devDependencies": {
        "@types/node": "^24.0.3",
        "liqd-string": "^1.1.0",
        "typescript": "^5.8.3"
      }
    },
    "node_modules/@liqd-js/alg-object-merge": {
      "version": "1.0.1",
      "resolved": "https://registry.npmjs.org/@liqd-js/alg-object-merge/-/alg-object-merge-1.0.1.tgz",
      "integrity": "sha512-pJSINesVaI1ZKoiFNRFPGt5Ku8/EMrOnWb7FpKQhv8IDh+3/rwvb3XXfHoNcw2hBbwc/dWzu0VbS/vprIMvRpA==",
      "license": "MIT"
    },
    "node_modules/@liqd-js/ejson": {
      "version": "0.0.3",
      "resolved": "https://registry.npmjs.org/@liqd-js/ejson/-/ejson-0.0.3.tgz",
      "integrity": "sha512-hWhEEumIc0R2Ri+Q7g+MjUZXJIdm/XJbOLPNDT9EcnzrMn9DZnxuIk6liuwwJanvhqLBXSmM4v+sQDZo3r2Ojw==",
      "license": "MIT"
    },
    "node_modules/@liqd-js/endpoint": {
      "version": "0.1.5",
      "resolved": "https://registry.npmjs.org/@liqd-js/endpoint/-/endpoint-0.1.5.tgz",
      "integrity": "sha512-jnEpb4Yezg/zTE52hTFlEpWoUFdOggYb7kSt2FUlUM52cJtwnVn2TUsxOSId91o+k14A3SRdrQPNquAt+xQcZw==",
      "license": "MIT",
      "dependencies": {
        "@liqd-js/http-body-parser": "^1.0.2",
        "reflect-metadata": "^0.2.2"
      }
    },
    "node_modules/@liqd-js/fs": {
      "version": "0.0.1",
      "resolved": "https://registry.npmjs.org/@liqd-js/fs/-/fs-0.0.1.tgz",
      "integrity": "sha512-Ff9RBjoWpnB9xgyqNDVw5F9so+f4gEoepvci7TReC4INyJX+hLlDjrgnIrJAE1XTCfhAJTKMibO9Al0rbjC57g==",
      "license": "MIT"
    },
    "node_modules/@liqd-js/http-body-parser": {
      "version": "1.0.2",
      "resolved": "https://registry.npmjs.org/@liqd-js/http-body-parser/-/http-body-parser-1.0.2.tgz",
      "integrity": "sha512-PTQlzXm8ZJqC13vh3/NkkBVlVsD7sX9U0rhyYoIKA/Jr/sIQtQNhQ7xXdYX75B9LERZ+ohr3oMQ95SFqeqIllA==",
      "license": "MIT",
      "dependencies": {
        "@liqd-js/ejson": "^0.0.3",
        "@liqd-js/http-header-parser": "^1.0.2",
        "@liqd-js/multibuffer": "^1.1.0",
        "@liqd-js/querystring": "^1.3.1"
      }
    },
    "node_modules/@liqd-js/http-header-parser": {
      "version": "1.0.2",
      "resolved": "https://registry.npmjs.org/@liqd-js/http-header-parser/-/http-header-parser-1.0.2.tgz",
      "integrity": "sha512-dXTHa2LlvtBLcJjXa4IwKE+kLiH4aD3Flc9O5dGn6FQVDHYF2AxJIWvvKgk1auU8jhlKNRuOdP1TmhTHb/P9ZQ==",
      "license": "MIT"
    },
    "node_modules/@liqd-js/i18n": {
      "version": "1.1.0",
      "resolved": "https://registry.npmjs.org/@liqd-js/i18n/-/i18n-1.1.0.tgz",
      "integrity": "sha512-Q8MHg2M5Tah/F0LKYPag/hcwVFkBsZwIjapgN1OMC4s798QdeHJ2O6aNDsQJ6CPWJSH1zKNvOwh+IPInFmpmng==",
      "license": "MIT"
    },
    "node_modules/@liqd-js/multibuffer": {
      "version": "1.1.0",
      "resolved": "https://registry.npmjs.org/@liqd-js/multibuffer/-/multibuffer-1.1.0.tgz",
      "integrity": "sha512-nFRGyP3tSugMoIaASOOtfvd7iORseOWou0FgFtqWiy9ez/Asf86AFXy20/Roe4yTieNVmWhcSbZ34Nqymt7vVQ==",
      "license": "MIT"
    },
    "node_modules/@liqd-js/options": {
      "version": "1.0.2",
      "resolved": "https://registry.npmjs.org/@liqd-js/options/-/options-1.0.2.tgz",
      "integrity": "sha512-59sUXr5KlTB07SKttRPJC++kCxbxkKyrBWzjhORpCm8k/DJpGC2JpCKBusNpNrRxSDyjimhjavFEhwKja9lHcQ==",
      "license": "MIT"
    },
    "node_modules/@liqd-js/parser": {
      "version": "1.0.0",
      "resolved": "https://registry.npmjs.org/@liqd-js/parser/-/parser-1.0.0.tgz",
      "integrity": "sha512-CqpuGS5w3W8uzKI+g2Vvdi/lCxGb7aaJLs0qrkwjjDoicHzmjCUSF4/poTquBdskKOJbPosTZEeq4Eu7R7wChg==",
      "license": "MIT"
    },
    "node_modules/@liqd-js/querystring": {
      "version": "1.3.1",
      "resolved": "https://registry.npmjs.org/@liqd-js/querystring/-/querystring-1.3.1.tgz",
      "integrity": "sha512-yM/rs02WSF9C3aeMrc8BjEwgS5+xnlolSAW8g7UZ15QHIJ1iq6f++tA45MnF35uO1+TOKUNeikQyg6R5lTps0A==",
      "license": "MIT"
    },
    "node_modules/@liqd-js/style": {
      "version": "1.2.6",
      "resolved": "https://registry.npmjs.org/@liqd-js/style/-/style-1.2.6.tgz",
      "integrity": "sha512-jJIWsHlG3RebxnWZy0HEH0kesDtsxFqcIZAFjsqlT2JAK9wJnuoiG2u3p77Ye2nzVXG/wloxXTZ6/OGkLrzIlw==",
      "license": "MIT",
      "dependencies": {
        "@liqd-js/alg-object-merge": "^1.0.1",
        "@liqd-js/parser": "^1.0.0"
      }
    },
    "node_modules/@liqd-js/template": {
      "version": "0.9.11",
      "resolved": "https://registry.npmjs.org/@liqd-js/template/-/template-0.9.11.tgz",
      "integrity": "sha512-alV4CzMHugtCt4VS6HLDvyvD7hewz4Ww5a2K+I9jIvUV0mHtgqezMVvfzBHVbCNNQoSXafN0ub8jRVOvEJBwtg==",
      "license": "MIT",
      "dependencies": {
        "@liqd-js/fs": "0.0.1",
        "@liqd-js/i18n": "^1.1.0",
        "@liqd-js/parser": "^1.0.0",
        "@liqd-js/style": "^1.2.6",
        "@liqd-js/unique-id": "^1.2.0"
      }
    },
    "node_modules/@liqd-js/unique-id": {
      "version": "1.2.0",
      "resolved": "https://registry.npmjs.org/@liqd-js/unique-id/-/unique-id-1.2.0.tgz",
      "integrity": "sha512-jL72lXR1JscbhOEKf0zsGD836z+MOdeIQsEhQdDR9oT8QiMUO6Xh7mxf96elcC3JvaPk9GmVMJHoWqK90C6w8w==",
      "license": "MIT",
      "dependencies": {
        "@liqd-js/options": "^1.0.1"
      }
    },
    "node_modules/@types/node": {
      "version": "24.0.3",
      "resolved": "https://registry.npmjs.org/@types/node/-/node-24.0.3.tgz",
      "integrity": "sha512-R4I/kzCYAdRLzfiCabn9hxWfbuHS573x+r0dJMkkzThEa7pbrcDWK+9zu3e7aBOouf+rQAciqPFMnxwr0aWgKg==",
      "dev": true,
      "license": "MIT",
      "dependencies": {
        "undici-types": "~7.8.0"
      }
    },
    "node_modules/dotenv": {
      "version": "16.5.0",
      "resolved": "https://registry.npmjs.org/dotenv/-/dotenv-16.5.0.tgz",
      "integrity": "sha512-m/C+AwOAr9/W1UOIZUo232ejMNnJAJtYQjUbHoNTBNTJSvqzzDh7vnrei3o3r3m9blf6ZoDkvcw0VmozNRFJxg==",
      "license": "BSD-2-Clause",
      "engines": {
        "node": ">=12"
      },
      "funding": {
        "url": "https://dotenvx.com"
      }
    },
    "node_modules/liqd-string": {
      "version": "1.1.0",
      "resolved": "https://registry.npmjs.org/liqd-string/-/liqd-string-1.1.0.tgz",
      "integrity": "sha512-gYyiVZ1gU1Vw/ESAhAhnryE6fhYLbSDUOfHgCV5kBBBSn+JamAqSXqbcl2kCbWB3Id0HsMCNWAiV+5uf1ViLGw==",
      "dev": true,
      "license": "MIT"
    },
    "node_modules/reflect-metadata": {
      "version": "0.2.2",
      "resolved": "https://registry.npmjs.org/reflect-metadata/-/reflect-metadata-0.2.2.tgz",
      "integrity": "sha512-urBwgfrvVP/eAyXx4hluJivBKzuEbSQs9rKWCrCkbSxNv8mxPcUZKeuoF3Uy4mJl3Lwprp6yy5/39VWigZ4K6Q==",
      "license": "Apache-2.0"
    },
    "node_modules/typescript": {
      "version": "5.8.3",
      "resolved": "https://registry.npmjs.org/typescript/-/typescript-5.8.3.tgz",
      "integrity": "sha512-p1diW6TqL9L07nNxvRMM7hMMw4c5XOo/1ibL4aAIGmSAt9slTE1Xgw5KWuof2uTOvCg9BY7ZRi+GaF+7sfgPeQ==",
      "dev": true,
      "license": "Apache-2.0",
      "bin": {
        "tsc": "bin/tsc",
        "tsserver": "bin/tsserver"
      },
      "engines": {
        "node": ">=14.17"
      }
    },
    "node_modules/undici-types": {
      "version": "7.8.0",
      "resolved": "https://registry.npmjs.org/undici-types/-/undici-types-7.8.0.tgz",
      "integrity": "sha512-9UJ2xGDvQ43tYyVMpuHlsgApydB8ZKfVYTsLDhXkFL/6gfkp+U8xTGdh8pMJv1SpZna0zxG1DwsKZsreLbXBxw==",
      "dev": true,
      "license": "MIT"
    }
  }
}
